
Microsoft Visual Studio Solution File, Format Version 12.00
# Visual Studio Version 16
VisualStudioVersion = 16.0.29306.81
MinimumVisualStudioVersion = 10.0.40219.1
Project("{FAE04EC0-301F-11D3-BF4B-00C04F79EFBC}") = "DaysOfWeek", "DaysOfWeek\DaysOfWeek.csproj", "{3FBABEAB-C939-45B0-9E61-57CE65F5829D}"
EndProject
Global
	GlobalSection(SolutionConfigurationPlatforms) = preSolution
		Debug|Any CPU = Debug|Any CPU
		Release|Any CPU = Release|Any CPU
	EndGlobalSection
	GlobalSection(ProjectConfigurationPlatforms) = postSolution
		{3FBABEAB-C939-45B0-9E61-57CE65F5829D}.Debug|Any CPU.ActiveCfg = Debug|Any CPU
		{3FBABEAB-C939-45B0-9E61-57CE65F5829D}.Debug|Any CPU.Build.0 = Debug|Any CPU
		{3FBABEAB-C939-45B0-9E61-57CE65F5829D}.Release|Any CPU.ActiveCfg = Release|Any CPU
		{3FBABEAB-C939-45B0-9E61-57CE65F5829D}.Release|Any CPU.Build.0 = Release|Any CPU
	EndGlobalSection
	GlobalSection(SolutionProperties) = preSolution
		HideSolutionNode = FALSE
	EndGlobalSection
	GlobalSection(ExtensibilityGlobals) = postSolution
		SolutionGuid = {B9106F7E-4503-4EBD-A2D7-17E39253E83C}
	EndGlobalSection
EndGlobal
